// !$*UTF8*$!
{
	archiveVersion = 1;
	classes = {
	};
	objectVersion = 55;
	objects = {

/* Begin PBXBuildFile section */
		576ACC4E2900451800B763D5 /* AfricaApp.swift in Sources */ = {isa = PBXBuildFile; fileRef = 576ACC4D2900451800B763D5 /* AfricaApp.swift */; };
		576ACC502900451800B763D5 /* ContentView.swift in Sources */ = {isa = PBXBuildFile; fileRef = 576ACC4F2900451800B763D5 /* ContentView.swift */; };
		576ACC522900451A00B763D5 /* Assets.xcassets in Resources */ = {isa = PBXBuildFile; fileRef = 576ACC512900451A00B763D5 /* Assets.xcassets */; };
		576ACC552900451A00B763D5 /* Preview Assets.xcassets in Resources */ = {isa = PBXBuildFile; fileRef = 576ACC542900451A00B763D5 /* Preview Assets.xcassets */; };
		576ACC662900460100B763D5 /* gorilla.mp4 in Resources */ = {isa = PBXBuildFile; fileRef = 576ACC5C2900460100B763D5 /* gorilla.mp4 */; };
		576ACC672900460100B763D5 /* lioness.mp4 in Resources */ = {isa = PBXBuildFile; fileRef = 576ACC5D2900460100B763D5 /* lioness.mp4 */; };
		576ACC682900460100B763D5 /* rhino.mp4 in Resources */ = {isa = PBXBuildFile; fileRef = 576ACC5E2900460100B763D5 /* rhino.mp4 */; };
		576ACC692900460100B763D5 /* hippo.mp4 in Resources */ = {isa = PBXBuildFile; fileRef = 576ACC5F2900460100B763D5 /* hippo.mp4 */; };
		576ACC6A2900460100B763D5 /* cheetah.mp4 in Resources */ = {isa = PBXBuildFile; fileRef = 576ACC602900460100B763D5 /* cheetah.mp4 */; };
		576ACC6B2900460100B763D5 /* lion.mp4 in Resources */ = {isa = PBXBuildFile; fileRef = 576ACC612900460100B763D5 /* lion.mp4 */; };
		576ACC6C2900460100B763D5 /* giraffe.mp4 in Resources */ = {isa = PBXBuildFile; fileRef = 576ACC622900460100B763D5 /* giraffe.mp4 */; };
		576ACC6D2900460100B763D5 /* elephant.mp4 in Resources */ = {isa = PBXBuildFile; fileRef = 576ACC632900460100B763D5 /* elephant.mp4 */; };
		576ACC6E2900460100B763D5 /* ostrich.mp4 in Resources */ = {isa = PBXBuildFile; fileRef = 576ACC642900460100B763D5 /* ostrich.mp4 */; };
		576ACC6F2900460100B763D5 /* zebra.mp4 in Resources */ = {isa = PBXBuildFile; fileRef = 576ACC652900460100B763D5 /* zebra.mp4 */; };
		576ACC752900462600B763D5 /* videos.json in Resources */ = {isa = PBXBuildFile; fileRef = 576ACC712900462600B763D5 /* videos.json */; };
		576ACC762900462600B763D5 /* locations.json in Resources */ = {isa = PBXBuildFile; fileRef = 576ACC722900462600B763D5 /* locations.json */; };
		576ACC772900462600B763D5 /* covers.json in Resources */ = {isa = PBXBuildFile; fileRef = 576ACC732900462600B763D5 /* covers.json */; };
		576ACC782900462600B763D5 /* animals.json in Resources */ = {isa = PBXBuildFile; fileRef = 576ACC742900462600B763D5 /* animals.json */; };
		576ACC7C2900479800B763D5 /* VideoListView.swift in Sources */ = {isa = PBXBuildFile; fileRef = 576ACC7B2900479800B763D5 /* VideoListView.swift */; };
		576ACC7E290047A700B763D5 /* MapView.swift in Sources */ = {isa = PBXBuildFile; fileRef = 576ACC7D290047A700B763D5 /* MapView.swift */; };
		576ACC80290047BB00B763D5 /* GalleryView.swift in Sources */ = {isa = PBXBuildFile; fileRef = 576ACC7F290047BB00B763D5 /* GalleryView.swift */; };
		576ACC82290047C600B763D5 /* MainView.swift in Sources */ = {isa = PBXBuildFile; fileRef = 576ACC81290047C600B763D5 /* MainView.swift */; };
		576ACC85290048F800B763D5 /* CoverImageView.swift in Sources */ = {isa = PBXBuildFile; fileRef = 576ACC84290048F800B763D5 /* CoverImageView.swift */; };
		576ACC8829004A8700B763D5 /* CoverImageModel.swift in Sources */ = {isa = PBXBuildFile; fileRef = 576ACC8729004A8700B763D5 /* CoverImageModel.swift */; };
		576ACC8B29004B7200B763D5 /* CodableBundleExtension.swift in Sources */ = {isa = PBXBuildFile; fileRef = 576ACC8A29004B7200B763D5 /* CodableBundleExtension.swift */; };
		576ACC8D2900A42700B763D5 /* AnimalList.swift in Sources */ = {isa = PBXBuildFile; fileRef = 576ACC8C2900A42700B763D5 /* AnimalList.swift */; };
		576ACC8F2900A5FE00B763D5 /* AnimalModel.swift in Sources */ = {isa = PBXBuildFile; fileRef = 576ACC8E2900A5FE00B763D5 /* AnimalModel.swift */; };
		576ACC912900A89100B763D5 /* AnimalDetailView.swift in Sources */ = {isa = PBXBuildFile; fileRef = 576ACC902900A89100B763D5 /* AnimalDetailView.swift */; };
		576ACC932900AAFD00B763D5 /* HeadingView.swift in Sources */ = {isa = PBXBuildFile; fileRef = 576ACC922900AAFD00B763D5 /* HeadingView.swift */; };
		576ACC952900ABB900B763D5 /* InsetGallery.swift in Sources */ = {isa = PBXBuildFile; fileRef = 576ACC942900ABB900B763D5 /* InsetGallery.swift */; };
		576ACC972900AE9300B763D5 /* InsetFactView.swift in Sources */ = {isa = PBXBuildFile; fileRef = 576ACC962900AE9300B763D5 /* InsetFactView.swift */; };
		576ACC992900B35300B763D5 /* InsetMapView.swift in Sources */ = {isa = PBXBuildFile; fileRef = 576ACC982900B35300B763D5 /* InsetMapView.swift */; };
		576ACC9B290169EF00B763D5 /* ExternalWebLinkView.swift in Sources */ = {isa = PBXBuildFile; fileRef = 576ACC9A290169EF00B763D5 /* ExternalWebLinkView.swift */; };
		576ACC9D29016CFD00B763D5 /* VideoModel.swift in Sources */ = {isa = PBXBuildFile; fileRef = 576ACC9C29016CFD00B763D5 /* VideoModel.swift */; };
		576ACC9F29016D5000B763D5 /* VideoListItemView.swift in Sources */ = {isa = PBXBuildFile; fileRef = 576ACC9E29016D5000B763D5 /* VideoListItemView.swift */; };
		576ACCA1290171E600B763D5 /* VideoPlayerView.swift in Sources */ = {isa = PBXBuildFile; fileRef = 576ACCA0290171E600B763D5 /* VideoPlayerView.swift */; };
		576ACCA42901729A00B763D5 /* VideoPlayerHelper.swift in Sources */ = {isa = PBXBuildFile; fileRef = 576ACCA32901729A00B763D5 /* VideoPlayerHelper.swift */; };
		576ACCA62901759A00B763D5 /* LocationModel.swift in Sources */ = {isa = PBXBuildFile; fileRef = 576ACCA52901759A00B763D5 /* LocationModel.swift */; };
		576ACCA82901783200B763D5 /* MapAnnotationView.swift in Sources */ = {isa = PBXBuildFile; fileRef = 576ACCA72901783200B763D5 /* MapAnnotationView.swift */; };
		576ACCAA2901889C00B763D5 /* MotionAnimationView.swift in Sources */ = {isa = PBXBuildFile; fileRef = 576ACCA92901889C00B763D5 /* MotionAnimationView.swift */; };
/* End PBXBuildFile section */

/* Begin PBXFileReference section */
		576ACC4A2900451800B763D5 /* Africa.app */ = {isa = PBXFileReference; explicitFileType = wrapper.application; includeInIndex = 0; path = Africa.app; sourceTree = BUILT_PRODUCTS_DIR; };
		576ACC4D2900451800B763D5 /* AfricaApp.swift */ = {isa = PBXFileReference; lastKnownFileType = sourcecode.swift; path = AfricaApp.swift; sourceTree = "<group>"; };
		576ACC4F2900451800B763D5 /* ContentView.swift */ = {isa = PBXFileReference; lastKnownFileType = sourcecode.swift; path = ContentView.swift; sourceTree = "<group>"; };
		576ACC512900451A00B763D5 /* Assets.xcassets */ = {isa = PBXFileReference; lastKnownFileType = folder.assetcatalog; path = Assets.xcassets; sourceTree = "<group>"; };
		576ACC542900451A00B763D5 /* Preview Assets.xcassets */ = {isa = PBXFileReference; lastKnownFileType = folder.assetcatalog; path = "Preview Assets.xcassets"; sourceTree = "<group>"; };
		576ACC5C2900460100B763D5 /* gorilla.mp4 */ = {isa = PBXFileReference; lastKnownFileType = file; path = gorilla.mp4; sourceTree = "<group>"; };
		576ACC5D2900460100B763D5 /* lioness.mp4 */ = {isa = PBXFileReference; lastKnownFileType = file; path = lioness.mp4; sourceTree = "<group>"; };
		576ACC5E2900460100B763D5 /* rhino.mp4 */ = {isa = PBXFileReference; lastKnownFileType = file; path = rhino.mp4; sourceTree = "<group>"; };
		576ACC5F2900460100B763D5 /* hippo.mp4 */ = {isa = PBXFileReference; lastKnownFileType = file; path = hippo.mp4; sourceTree = "<group>"; };
		576ACC602900460100B763D5 /* cheetah.mp4 */ = {isa = PBXFileReference; lastKnownFileType = file; path = cheetah.mp4; sourceTree = "<group>"; };
		576ACC612900460100B763D5 /* lion.mp4 */ = {isa = PBXFileReference; lastKnownFileType = file; path = lion.mp4; sourceTree = "<group>"; };
		576ACC622900460100B763D5 /* giraffe.mp4 */ = {isa = PBXFileReference; lastKnownFileType = file; path = giraffe.mp4; sourceTree = "<group>"; };
		576ACC632900460100B763D5 /* elephant.mp4 */ = {isa = PBXFileReference; lastKnownFileType = file; path = elephant.mp4; sourceTree = "<group>"; };
		576ACC642900460100B763D5 /* ostrich.mp4 */ = {isa = PBXFileReference; lastKnownFileType = file; path = ostrich.mp4; sourceTree = "<group>"; };
		576ACC652900460100B763D5 /* zebra.mp4 */ = {isa = PBXFileReference; lastKnownFileType = file; path = zebra.mp4; sourceTree = "<group>"; };
		576ACC712900462600B763D5 /* videos.json */ = {isa = PBXFileReference; fileEncoding = 4; lastKnownFileType = text.json; path = videos.json; sourceTree = "<group>"; };
		576ACC722900462600B763D5 /* locations.json */ = {isa = PBXFileReference; fileEncoding = 4; lastKnownFileType = text.json; path = locations.json; sourceTree = "<group>"; };
		576ACC732900462600B763D5 /* covers.json */ = {isa = PBXFileReference; fileEncoding = 4; lastKnownFileType = text.json; path = covers.json; sourceTree = "<group>"; };
		576ACC742900462600B763D5 /* animals.json */ = {isa = PBXFileReference; fileEncoding = 4; lastKnownFileType = text.json; path = animals.json; sourceTree = "<group>"; };
		576ACC79290046B200B763D5 /* Info.plist */ = {isa = PBXFileReference; lastKnownFileType = text.plist; path = Info.plist; sourceTree = "<group>"; };
		576ACC7B2900479800B763D5 /* VideoListView.swift */ = {isa = PBXFileReference; lastKnownFileType = sourcecode.swift; path = VideoListView.swift; sourceTree = "<group>"; };
		576ACC7D290047A700B763D5 /* MapView.swift */ = {isa = PBXFileReference; lastKnownFileType = sourcecode.swift; path = MapView.swift; sourceTree = "<group>"; };
		576ACC7F290047BB00B763D5 /* GalleryView.swift */ = {isa = PBXFileReference; lastKnownFileType = sourcecode.swift; path = GalleryView.swift; sourceTree = "<group>"; };
		576ACC81290047C600B763D5 /* MainView.swift */ = {isa = PBXFileReference; lastKnownFileType = sourcecode.swift; path = MainView.swift; sourceTree = "<group>"; };
		576ACC84290048F800B763D5 /* CoverImageView.swift */ = {isa = PBXFileReference; lastKnownFileType = sourcecode.swift; path = CoverImageView.swift; sourceTree = "<group>"; };
		576ACC8729004A8700B763D5 /* CoverImageModel.swift */ = {isa = PBXFileReference; lastKnownFileType = sourcecode.swift; path = CoverImageModel.swift; sourceTree = "<group>"; };
		576ACC8A29004B7200B763D5 /* CodableBundleExtension.swift */ = {isa = PBXFileReference; lastKnownFileType = sourcecode.swift; path = CodableBundleExtension.swift; sourceTree = "<group>"; };
		576ACC8C2900A42700B763D5 /* AnimalList.swift */ = {isa = PBXFileReference; lastKnownFileType = sourcecode.swift; path = AnimalList.swift; sourceTree = "<group>"; };
		576ACC8E2900A5FE00B763D5 /* AnimalModel.swift */ = {isa = PBXFileReference; lastKnownFileType = sourcecode.swift; path = AnimalModel.swift; sourceTree = "<group>"; };
		576ACC902900A89100B763D5 /* AnimalDetailView.swift */ = {isa = PBXFileReference; lastKnownFileType = sourcecode.swift; path = AnimalDetailView.swift; sourceTree = "<group>"; };
		576ACC922900AAFD00B763D5 /* HeadingView.swift */ = {isa = PBXFileReference; lastKnownFileType = sourcecode.swift; path = HeadingView.swift; sourceTree = "<group>"; };
		576ACC942900ABB900B763D5 /* InsetGallery.swift */ = {isa = PBXFileReference; lastKnownFileType = sourcecode.swift; path = InsetGallery.swift; sourceTree = "<group>"; };
		576ACC962900AE9300B763D5 /* InsetFactView.swift */ = {isa = PBXFileReference; lastKnownFileType = sourcecode.swift; path = InsetFactView.swift; sourceTree = "<group>"; };
		576ACC982900B35300B763D5 /* InsetMapView.swift */ = {isa = PBXFileReference; lastKnownFileType = sourcecode.swift; path = InsetMapView.swift; sourceTree = "<group>"; };
		576ACC9A290169EF00B763D5 /* ExternalWebLinkView.swift */ = {isa = PBXFileReference; lastKnownFileType = sourcecode.swift; path = ExternalWebLinkView.swift; sourceTree = "<group>"; };
		576ACC9C29016CFD00B763D5 /* VideoModel.swift */ = {isa = PBXFileReference; lastKnownFileType = sourcecode.swift; path = VideoModel.swift; sourceTree = "<group>"; };
		576ACC9E29016D5000B763D5 /* VideoListItemView.swift */ = {isa = PBXFileReference; lastKnownFileType = sourcecode.swift; path = VideoListItemView.swift; sourceTree = "<group>"; };
		576ACCA0290171E600B763D5 /* VideoPlayerView.swift */ = {isa = PBXFileReference; lastKnownFileType = sourcecode.swift; path = VideoPlayerView.swift; sourceTree = "<group>"; };
		576ACCA32901729A00B763D5 /* VideoPlayerHelper.swift */ = {isa = PBXFileReference; lastKnownFileType = sourcecode.swift; path = VideoPlayerHelper.swift; sourceTree = "<group>"; };
		576ACCA52901759A00B763D5 /* LocationModel.swift */ = {isa = PBXFileReference; lastKnownFileType = sourcecode.swift; path = LocationModel.swift; sourceTree = "<group>"; };
		576ACCA72901783200B763D5 /* MapAnnotationView.swift */ = {isa = PBXFileReference; lastKnownFileType = sourcecode.swift; path = MapAnnotationView.swift; sourceTree = "<group>"; };
		576ACCA92901889C00B763D5 /* MotionAnimationView.swift */ = {isa = PBXFileReference; lastKnownFileType = sourcecode.swift; path = MotionAnimationView.swift; sourceTree = "<group>"; };
/* End PBXFileReference section */

/* Begin PBXFrameworksBuildPhase section */
		576ACC472900451800B763D5 /* Frameworks */ = {
			isa = PBXFrameworksBuildPhase;
			buildActionMask = 2147483647;
			files = (
			);
			runOnlyForDeploymentPostprocessing = 0;
		};
/* End PBXFrameworksBuildPhase section */

/* Begin PBXGroup section */
		576ACC412900451800B763D5 = {
			isa = PBXGroup;
			children = (
				576ACC4C2900451800B763D5 /* Africa */,
				576ACC4B2900451800B763D5 /* Products */,
			);
			sourceTree = "<group>";
		};
		576ACC4B2900451800B763D5 /* Products */ = {
			isa = PBXGroup;
			children = (
				576ACC4A2900451800B763D5 /* Africa.app */,
			);
			name = Products;
			sourceTree = "<group>";
		};
		576ACC4C2900451800B763D5 /* Africa */ = {
			isa = PBXGroup;
			children = (
				576ACC7A2900476C00B763D5 /* App */,
				576ACC83290048E800B763D5 /* View */,
				576ACC8629004A7500B763D5 /* Model */,
				576ACCA22901728300B763D5 /* Helper */,
				576ACC8929004B6000B763D5 /* Extension */,
				576ACC702900462000B763D5 /* Data */,
				576ACC5B290045DE00B763D5 /* Videos */,
				576ACC512900451A00B763D5 /* Assets.xcassets */,
				576ACC79290046B200B763D5 /* Info.plist */,
				576ACC532900451A00B763D5 /* Preview Content */,
			);
			path = Africa;
			sourceTree = "<group>";
		};
		576ACC532900451A00B763D5 /* Preview Content */ = {
			isa = PBXGroup;
			children = (
				576ACC542900451A00B763D5 /* Preview Assets.xcassets */,
			);
			path = "Preview Content";
			sourceTree = "<group>";
		};
		576ACC5B290045DE00B763D5 /* Videos */ = {
			isa = PBXGroup;
			children = (
				576ACC602900460100B763D5 /* cheetah.mp4 */,
				576ACC632900460100B763D5 /* elephant.mp4 */,
				576ACC622900460100B763D5 /* giraffe.mp4 */,
				576ACC5C2900460100B763D5 /* gorilla.mp4 */,
				576ACC5F2900460100B763D5 /* hippo.mp4 */,
				576ACC612900460100B763D5 /* lion.mp4 */,
				576ACC5D2900460100B763D5 /* lioness.mp4 */,
				576ACC642900460100B763D5 /* ostrich.mp4 */,
				576ACC5E2900460100B763D5 /* rhino.mp4 */,
				576ACC652900460100B763D5 /* zebra.mp4 */,
			);
			path = Videos;
			sourceTree = "<group>";
		};
		576ACC702900462000B763D5 /* Data */ = {
			isa = PBXGroup;
			children = (
				576ACC742900462600B763D5 /* animals.json */,
				576ACC732900462600B763D5 /* covers.json */,
				576ACC722900462600B763D5 /* locations.json */,
				576ACC712900462600B763D5 /* videos.json */,
			);
			path = Data;
			sourceTree = "<group>";
		};
		576ACC7A2900476C00B763D5 /* App */ = {
			isa = PBXGroup;
			children = (
				576ACC4D2900451800B763D5 /* AfricaApp.swift */,
				576ACC4F2900451800B763D5 /* ContentView.swift */,
				576ACC7B2900479800B763D5 /* VideoListView.swift */,
				576ACC7D290047A700B763D5 /* MapView.swift */,
				576ACC7F290047BB00B763D5 /* GalleryView.swift */,
				576ACC81290047C600B763D5 /* MainView.swift */,
			);
			path = App;
			sourceTree = "<group>";
		};
		576ACC83290048E800B763D5 /* View */ = {
			isa = PBXGroup;
			children = (
				576ACC84290048F800B763D5 /* CoverImageView.swift */,
				576ACC8C2900A42700B763D5 /* AnimalList.swift */,
				576ACC902900A89100B763D5 /* AnimalDetailView.swift */,
				576ACC922900AAFD00B763D5 /* HeadingView.swift */,
				576ACC942900ABB900B763D5 /* InsetGallery.swift */,
				576ACC962900AE9300B763D5 /* InsetFactView.swift */,
				576ACC982900B35300B763D5 /* InsetMapView.swift */,
				576ACC9A290169EF00B763D5 /* ExternalWebLinkView.swift */,
				576ACC9E29016D5000B763D5 /* VideoListItemView.swift */,
				576ACCA0290171E600B763D5 /* VideoPlayerView.swift */,
				576ACCA72901783200B763D5 /* MapAnnotationView.swift */,
				576ACCA92901889C00B763D5 /* MotionAnimationView.swift */,
			);
			path = View;
			sourceTree = "<group>";
		};
		576ACC8629004A7500B763D5 /* Model */ = {
			isa = PBXGroup;
			children = (
				576ACC8729004A8700B763D5 /* CoverImageModel.swift */,
				576ACC8E2900A5FE00B763D5 /* AnimalModel.swift */,
				576ACC9C29016CFD00B763D5 /* VideoModel.swift */,
				576ACCA52901759A00B763D5 /* LocationModel.swift */,
			);
			path = Model;
			sourceTree = "<group>";
		};
		576ACC8929004B6000B763D5 /* Extension */ = {
			isa = PBXGroup;
			children = (
				576ACC8A29004B7200B763D5 /* CodableBundleExtension.swift */,
			);
			path = Extension;
			sourceTree = "<group>";
		};
		576ACCA22901728300B763D5 /* Helper */ = {
			isa = PBXGroup;
			children = (
				576ACCA32901729A00B763D5 /* VideoPlayerHelper.swift */,
			);
			path = Helper;
			sourceTree = "<group>";
		};
/* End PBXGroup section */

/* Begin PBXNativeTarget section */
		576ACC492900451800B763D5 /* Africa */ = {
			isa = PBXNativeTarget;
			buildConfigurationList = 576ACC582900451A00B763D5 /* Build configuration list for PBXNativeTarget "Africa" */;
			buildPhases = (
				576ACC462900451800B763D5 /* Sources */,
				576ACC472900451800B763D5 /* Frameworks */,
				576ACC482900451800B763D5 /* Resources */,
			);
			buildRules = (
			);
			dependencies = (
			);
			name = Africa;
			productName = Africa;
			productReference = 576ACC4A2900451800B763D5 /* Africa.app */;
			productType = "com.apple.product-type.application";
		};
/* End PBXNativeTarget section */

/* Begin PBXProject section */
		576ACC422900451800B763D5 /* Project object */ = {
			isa = PBXProject;
			attributes = {
				BuildIndependentTargetsInParallel = 1;
				LastSwiftUpdateCheck = 1340;
				LastUpgradeCheck = 1340;
				TargetAttributes = {
					576ACC492900451800B763D5 = {
						CreatedOnToolsVersion = 13.4;
					};
				};
			};
			buildConfigurationList = 576ACC452900451800B763D5 /* Build configuration list for PBXProject "Africa" */;
			compatibilityVersion = "Xcode 13.0";
			developmentRegion = en;
			hasScannedForEncodings = 0;
			knownRegions = (
				en,
				Base,
			);
			mainGroup = 576ACC412900451800B763D5;
			productRefGroup = 576ACC4B2900451800B763D5 /* Products */;
			projectDirPath = "";
			projectRoot = "";
			targets = (
				576ACC492900451800B763D5 /* Africa */,
			);
		};
/* End PBXProject section */

/* Begin PBXResourcesBuildPhase section */
		576ACC482900451800B763D5 /* Resources */ = {
			isa = PBXResourcesBuildPhase;
			buildActionMask = 2147483647;
			files = (
				576ACC762900462600B763D5 /* locations.json in Resources */,
				576ACC552900451A00B763D5 /* Preview Assets.xcassets in Resources */,
				576ACC6B2900460100B763D5 /* lion.mp4 in Resources */,
				576ACC662900460100B763D5 /* gorilla.mp4 in Resources */,
				576ACC522900451A00B763D5 /* Assets.xcassets in Resources */,
				576ACC752900462600B763D5 /* videos.json in Resources */,
				576ACC6F2900460100B763D5 /* zebra.mp4 in Resources */,
				576ACC682900460100B763D5 /* rhino.mp4 in Resources */,
				576ACC692900460100B763D5 /* hippo.mp4 in Resources */,
				576ACC782900462600B763D5 /* animals.json in Resources */,
				576ACC672900460100B763D5 /* lioness.mp4 in Resources */,
				576ACC772900462600B763D5 /* covers.json in Resources */,
				576ACC6A2900460100B763D5 /* cheetah.mp4 in Resources */,
				576ACC6D2900460100B763D5 /* elephant.mp4 in Resources */,
				576ACC6C2900460100B763D5 /* giraffe.mp4 in Resources */,
				576ACC6E2900460100B763D5 /* ostrich.mp4 in Resources */,
			);
			runOnlyForDeploymentPostprocessing = 0;
		};
/* End PBXResourcesBuildPhase section */

/* Begin PBXSourcesBuildPhase section */
		576ACC462900451800B763D5 /* Sources */ = {
			isa = PBXSourcesBuildPhase;
			buildActionMask = 2147483647;
			files = (
				576ACC502900451800B763D5 /* ContentView.swift in Sources */,
				576ACC82290047C600B763D5 /* MainView.swift in Sources */,
				576ACC85290048F800B763D5 /* CoverImageView.swift in Sources */,
				576ACC972900AE9300B763D5 /* InsetFactView.swift in Sources */,
				576ACC8829004A8700B763D5 /* CoverImageModel.swift in Sources */,
				576ACC7E290047A700B763D5 /* MapView.swift in Sources */,
				576ACC912900A89100B763D5 /* AnimalDetailView.swift in Sources */,
				576ACC8F2900A5FE00B763D5 /* AnimalModel.swift in Sources */,
				576ACC4E2900451800B763D5 /* AfricaApp.swift in Sources */,
				576ACC992900B35300B763D5 /* InsetMapView.swift in Sources */,
				576ACCA42901729A00B763D5 /* VideoPlayerHelper.swift in Sources */,
				576ACC952900ABB900B763D5 /* InsetGallery.swift in Sources */,
				576ACC9B290169EF00B763D5 /* ExternalWebLinkView.swift in Sources */,
				576ACCA82901783200B763D5 /* MapAnnotationView.swift in Sources */,
				576ACC7C2900479800B763D5 /* VideoListView.swift in Sources */,
				576ACC9D29016CFD00B763D5 /* VideoModel.swift in Sources */,
				576ACC80290047BB00B763D5 /* GalleryView.swift in Sources */,
				576ACCA62901759A00B763D5 /* LocationModel.swift in Sources */,
				576ACC8B29004B7200B763D5 /* CodableBundleExtension.swift in Sources */,
				576ACC9F29016D5000B763D5 /* VideoListItemView.swift in Sources */,
				576ACC8D2900A42700B763D5 /* AnimalList.swift in Sources */,
				576ACCAA2901889C00B763D5 /* MotionAnimationView.swift in Sources */,
				576ACC932900AAFD00B763D5 /* HeadingView.swift in Sources */,
				576ACCA1290171E600B763D5 /* VideoPlayerView.swift in Sources */,
			);
			runOnlyForDeploymentPostprocessing = 0;
		};
/* End PBXSourcesBuildPhase section */

/* Begin XCBuildConfiguration section */
		576ACC562900451A00B763D5 /* Debug */ = {
			isa = XCBuildConfiguration;
			buildSettings = {
				ALWAYS_SEARCH_USER_PATHS = NO;
				CLANG_ANALYZER_NONNULL = YES;
				CLANG_ANALYZER_NUMBER_OBJECT_CONVERSION = YES_AGGRESSIVE;
				CLANG_CXX_LANGUAGE_STANDARD = "gnu++17";
				CLANG_ENABLE_MODULES = YES;
				CLANG_ENABLE_OBJC_ARC = YES;
				CLANG_ENABLE_OBJC_WEAK = YES;
				CLANG_WARN_BLOCK_CAPTURE_AUTORELEASING = YES;
				CLANG_WARN_BOOL_CONVERSION = YES;
				CLANG_WARN_COMMA = YES;
				CLANG_WARN_CONSTANT_CONVERSION = YES;
				CLANG_WARN_DEPRECATED_OBJC_IMPLEMENTATIONS = YES;
				CLANG_WARN_DIRECT_OBJC_ISA_USAGE = YES_ERROR;
				CLANG_WARN_DOCUMENTATION_COMMENTS = YES;
				CLANG_WARN_EMPTY_BODY = YES;
				CLANG_WARN_ENUM_CONVERSION = YES;
				CLANG_WARN_INFINITE_RECURSION = YES;
				CLANG_WARN_INT_CONVERSION = YES;
				CLANG_WARN_NON_LITERAL_NULL_CONVERSION = YES;
				CLANG_WARN_OBJC_IMPLICIT_RETAIN_SELF = YES;
				CLANG_WARN_OBJC_LITERAL_CONVERSION = YES;
				CLANG_WARN_OBJC_ROOT_CLASS = YES_ERROR;
				CLANG_WARN_QUOTED_INCLUDE_IN_FRAMEWORK_HEADER = YES;
				CLANG_WARN_RANGE_LOOP_ANALYSIS = YES;
				CLANG_WARN_STRICT_PROTOTYPES = YES;
				CLANG_WARN_SUSPICIOUS_MOVE = YES;
				CLANG_WARN_UNGUARDED_AVAILABILITY = YES_AGGRESSIVE;
				CLANG_WARN_UNREACHABLE_CODE = YES;
				CLANG_WARN__DUPLICATE_METHOD_MATCH = YES;
				COPY_PHASE_STRIP = NO;
				DEBUG_INFORMATION_FORMAT = dwarf;
				ENABLE_STRICT_OBJC_MSGSEND = YES;
				ENABLE_TESTABILITY = YES;
				GCC_C_LANGUAGE_STANDARD = gnu11;
				GCC_DYNAMIC_NO_PIC = NO;
				GCC_NO_COMMON_BLOCKS = YES;
				GCC_OPTIMIZATION_LEVEL = 0;
				GCC_PREPROCESSOR_DEFINITIONS = (
					"DEBUG=1",
					"$(inherited)",
				);
				GCC_WARN_64_TO_32_BIT_CONVERSION = YES;
				GCC_WARN_ABOUT_RETURN_TYPE = YES_ERROR;
				GCC_WARN_UNDECLARED_SELECTOR = YES;
				GCC_WARN_UNINITIALIZED_AUTOS = YES_AGGRESSIVE;
				GCC_WARN_UNUSED_FUNCTION = YES;
				GCC_WARN_UNUSED_VARIABLE = YES;
				IPHONEOS_DEPLOYMENT_TARGET = 15.5;
				MTL_ENABLE_DEBUG_INFO = INCLUDE_SOURCE;
				MTL_FAST_MATH = YES;
				ONLY_ACTIVE_ARCH = YES;
				SDKROOT = iphoneos;
				SWIFT_ACTIVE_COMPILATION_CONDITIONS = DEBUG;
				SWIFT_OPTIMIZATION_LEVEL = "-Onone";
			};
			name = Debug;
		};
		576ACC572900451A00B763D5 /* Release */ = {
			isa = XCBuildConfiguration;
			buildSettings = {
				ALWAYS_SEARCH_USER_PATHS = NO;
				CLANG_ANALYZER_NONNULL = YES;
				CLANG_ANALYZER_NUMBER_OBJECT_CONVERSION = YES_AGGRESSIVE;
				CLANG_CXX_LANGUAGE_STANDARD = "gnu++17";
				CLANG_ENABLE_MODULES = YES;
				CLANG_ENABLE_OBJC_ARC = YES;
				CLANG_ENABLE_OBJC_WEAK = YES;
				CLANG_WARN_BLOCK_CAPTURE_AUTORELEASING = YES;
				CLANG_WARN_BOOL_CONVERSION = YES;
				CLANG_WARN_COMMA = YES;
				CLANG_WARN_CONSTANT_CONVERSION = YES;
				CLANG_WARN_DEPRECATED_OBJC_IMPLEMENTATIONS = YES;
				CLANG_WARN_DIRECT_OBJC_ISA_USAGE = YES_ERROR;
				CLANG_WARN_DOCUMENTATION_COMMENTS = YES;
				CLANG_WARN_EMPTY_BODY = YES;
				CLANG_WARN_ENUM_CONVERSION = YES;
				CLANG_WARN_INFINITE_RECURSION = YES;
				CLANG_WARN_INT_CONVERSION = YES;
				CLANG_WARN_NON_LITERAL_NULL_CONVERSION = YES;
				CLANG_WARN_OBJC_IMPLICIT_RETAIN_SELF = YES;
				CLANG_WARN_OBJC_LITERAL_CONVERSION = YES;
				CLANG_WARN_OBJC_ROOT_CLASS = YES_ERROR;
				CLANG_WARN_QUOTED_INCLUDE_IN_FRAMEWORK_HEADER = YES;
				CLANG_WARN_RANGE_LOOP_ANALYSIS = YES;
				CLANG_WARN_STRICT_PROTOTYPES = YES;
				CLANG_WARN_SUSPICIOUS_MOVE = YES;
				CLANG_WARN_UNGUARDED_AVAILABILITY = YES_AGGRESSIVE;
				CLANG_WARN_UNREACHABLE_CODE = YES;
				CLANG_WARN__DUPLICATE_METHOD_MATCH = YES;
				COPY_PHASE_STRIP = NO;
				DEBUG_INFORMATION_FORMAT = "dwarf-with-dsym";
				ENABLE_NS_ASSERTIONS = NO;
				ENABLE_STRICT_OBJC_MSGSEND = YES;
				GCC_C_LANGUAGE_STANDARD = gnu11;
				GCC_NO_COMMON_BLOCKS = YES;
				GCC_WARN_64_TO_32_BIT_CONVERSION = YES;
				GCC_WARN_ABOUT_RETURN_TYPE = YES_ERROR;
				GCC_WARN_UNDECLARED_SELECTOR = YES;
				GCC_WARN_UNINITIALIZED_AUTOS = YES_AGGRESSIVE;
				GCC_WARN_UNUSED_FUNCTION = YES;
				GCC_WARN_UNUSED_VARIABLE = YES;
				IPHONEOS_DEPLOYMENT_TARGET = 15.5;
				MTL_ENABLE_DEBUG_INFO = NO;
				MTL_FAST_MATH = YES;
				SDKROOT = iphoneos;
				SWIFT_COMPILATION_MODE = wholemodule;
				SWIFT_OPTIMIZATION_LEVEL = "-O";
				VALIDATE_PRODUCT = YES;
			};
			name = Release;
		};
		576ACC592900451A00B763D5 /* Debug */ = {
			isa = XCBuildConfiguration;
			buildSettings = {
				ASSETCATALOG_COMPILER_APPICON_NAME = AppIcon;
				ASSETCATALOG_COMPILER_GLOBAL_ACCENT_COLOR_NAME = AccentColor;
				CODE_SIGN_STYLE = Automatic;
				CURRENT_PROJECT_VERSION = 1;
				DEVELOPMENT_ASSET_PATHS = "\"Africa/Preview Content\"";
				DEVELOPMENT_TEAM = DMF923GY8Z;
				ENABLE_PREVIEWS = YES;
				GENERATE_INFOPLIST_FILE = YES;
				INFOPLIST_FILE = Africa/Info.plist;
				INFOPLIST_KEY_UIApplicationSceneManifest_Generation = YES;
				INFOPLIST_KEY_UIApplicationSupportsIndirectInputEvents = YES;
				INFOPLIST_KEY_UISupportedInterfaceOrientations_iPad = "UIInterfaceOrientationPortrait UIInterfaceOrientationPortraitUpsideDown UIInterfaceOrientationLandscapeLeft UIInterfaceOrientationLandscapeRight";
				INFOPLIST_KEY_UISupportedInterfaceOrientations_iPhone = "UIInterfaceOrientationPortrait UIInterfaceOrientationLandscapeLeft UIInterfaceOrientationLandscapeRight";
				INFOPLIST_KEY_UIUserInterfaceStyle = Dark;
				LD_RUNPATH_SEARCH_PATHS = (
					"$(inherited)",
					"@executable_path/Frameworks",
				);
				MARKETING_VERSION = 1.0;
				PRODUCT_BUNDLE_IDENTIFIER = branco.marygimm.Africa;
				PRODUCT_NAME = "$(TARGET_NAME)";
				SWIFT_EMIT_LOC_STRINGS = YES;
				SWIFT_VERSION = 5.0;
				TARGETED_DEVICE_FAMILY = "1,2";
			};
			name = Debug;
		};
		576ACC5A2900451A00B763D5 /* Release */ = {
			isa = XCBuildConfiguration;
			buildSettings = {
				ASSETCATALOG_COMPILER_APPICON_NAME = AppIcon;
				ASSETCATALOG_COMPILER_GLOBAL_ACCENT_COLOR_NAME = AccentColor;
				CODE_SIGN_STYLE = Automatic;
				CURRENT_PROJECT_VERSION = 1;
				DEVELOPMENT_ASSET_PATHS = "\"Africa/Preview Content\"";
				DEVELOPMENT_TEAM = DMF923GY8Z;
				ENABLE_PREVIEWS = YES;
				GENERATE_INFOPLIST_FILE = YES;
				INFOPLIST_FILE = Africa/Info.plist;
				INFOPLIST_KEY_UIApplicationSceneManifest_Generation = YES;
				INFOPLIST_KEY_UIApplicationSupportsIndirectInputEvents = YES;
				INFOPLIST_KEY_UISupportedInterfaceOrientations_iPad = "UIInterfaceOrientationPortrait UIInterfaceOrientationPortraitUpsideDown UIInterfaceOrientationLandscapeLeft UIInterfaceOrientationLandscapeRight";
				INFOPLIST_KEY_UISupportedInterfaceOrientations_iPhone = "UIInterfaceOrientationPortrait UIInterfaceOrientationLandscapeLeft UIInterfaceOrientationLandscapeRight";
				INFOPLIST_KEY_UIUserInterfaceStyle = Dark;
				LD_RUNPATH_SEARCH_PATHS = (
					"$(inherited)",
					"@executable_path/Frameworks",
				);
				MARKETING_VERSION = 1.0;
				PRODUCT_BUNDLE_IDENTIFIER = branco.marygimm.Africa;
				PRODUCT_NAME = "$(TARGET_NAME)";
				SWIFT_EMIT_LOC_STRINGS = YES;
				SWIFT_VERSION = 5.0;
				TARGETED_DEVICE_FAMILY = "1,2";
			};
			name = Release;
		};
/* End XCBuildConfiguration section */

/* Begin XCConfigurationList section */
		576ACC452900451800B763D5 /* Build configuration list for PBXProject "Africa" */ = {
			isa = XCConfigurationList;
			buildConfigurations = (
				576ACC562900451A00B763D5 /* Debug */,
				576ACC572900451A00B763D5 /* Release */,
			);
			defaultConfigurationIsVisible = 0;
			defaultConfigurationName = Release;
		};
		576ACC582900451A00B763D5 /* Build configuration list for PBXNativeTarget "Africa" */ = {
			isa = XCConfigurationList;
			buildConfigurations = (
				576ACC592900451A00B763D5 /* Debug */,
				576ACC5A2900451A00B763D5 /* Release */,
			);
			defaultConfigurationIsVisible = 0;
			defaultConfigurationName = Release;
		};
/* End XCConfigurationList section */
	};
	rootObject = 576ACC422900451800B763D5 /* Project object */;
}
